{
  "name": "supply-chain-dashboard",
  "version": "2.0.0",
  "lockfileVersion": 3,
  "requires": true,
  "packages": {
    "": {
      "name": "supply-chain-dashboard",
      "version": "2.0.0",
      "dependencies": {
        "@types/node": "^16.18.0",
        "@types/react": "^18.2.0",
        "@types/react-dom": "^18.2.0",
        "react": "^18.2.0",
        "react-dom": "^18.2.0",
        "react-scripts": "5.0.1",
        "typescript": "^4.9.0",
        "web-vitals": "^2.1.0",
        "@mui/material": "^5.14.0",
        "@mui/icons-material": "^5.14.0",
        "@mui/lab": "^5.0.0-alpha.140",
        "@mui/x-charts": "^6.18.0",
        "@mui/x-data-grid": "^6.18.0",
        "@mui/x-date-pickers": "^6.18.0",
        "recharts": "^2.8.0",
        "chart.js": "^4.4.0",
        "react-chartjs-2": "^5.2.0",
        "react-query": "^3.39.0",
        "axios": "^1.6.0",
        "socket.io-client": "^4.7.0",
        "date-fns": "^2.30.0",
        "lodash": "^4.17.21",
        "react-router-dom": "^6.20.0",
        "@emotion/react": "^11.11.0",
        "@emotion/styled": "^11.11.0",
        "framer-motion": "^10.16.0",
        "react-hot-toast": "^2.4.0",
        "react-helmet-async": "^1.3.0",
        "react-hook-form": "^7.48.0",
        "@hookform/resolvers": "^3.3.0",
        "yup": "^1.3.0",
        "jspdf": "^2.5.0",
        "html2canvas": "^1.4.0",
        "react-to-print": "^2.14.0",
        "react-virtual": "^2.10.0",
        "tailwindcss": "^3.3.0",
        "autoprefixer": "^10.4.0",
        "postcss": "^8.4.0",
        "@types/lodash": "^4.14.0",
        "@types/jspdf": "^2.0.0"
      },
      "devDependencies": {
        "@types/jest": "^27.5.0",
        "eslint": "^8.0.0",
        "prettier": "^3.0.0",
        "eslint-plugin-react": "^7.33.0",
        "eslint-plugin-react-hooks": "^4.6.0"
      }
    }
  },
  "dependencies": {
    "@mui/x-charts": {
      "version": "6.18.0",
      "resolved": "https://registry.npmjs.org/@mui/x-charts/-/x-charts-6.18.0.tgz",
      "integrity": "sha512-5vS8fGzR7hC2W3tY2qL7pJ5tSdjZq9vZxL8p3O3vS7G3vI4s8p4l4cL4s8Zx4ZvxY0qD3R5g0lq5i8zC5zD7Q==",
      "dependencies": {
        "@babel/runtime": "^7.23.2",
        "@emotion/react": "^11.11.1",
        "@emotion/styled": "^11.11.0",
        "@mui/base": "5.0.0-beta.24",
        "@mui/system": "^5.14.20",
        "@mui/utils": "^5.14.21",
        "@mui/x-charts-v6": "npm:@mui/x-charts@6.0.0-alpha.17",
        "@mui/x-license": "6.0.4",
        "prop-types": "^15.8.1",
        "reselect": "^4.1.8"
      }
    },
    "@mui/x-data-grid": {
      "version": "6.18.0",
      "resolved": "https://registry.npmjs.org/@mui/x-data-grid/-/x-data-grid-6.18.0.tgz",
      "integrity": "sha512-8D3zqQ6P3D8p6rU0sA7zVNZJ5t3WFBGvq5h3v3Y0eT8J+8xISbM4qFhsJqOq4c4ZJ6mP3R8fV7jR5K6p9g6WgA==",
      "dependencies": {
        "@mui/system": "^5.14.20",
        "@mui/utils": "^5.14.21",
        "@mui/x-date-pickers": "6.18.0",
        "clsx": "^2.0.0",
        "prop-types": "^15.8.1",
        "reselect": "^4.1.8"
      }
    },
    "@mui/x-date-pickers": {
      "version": "6.18.0",
      "resolved": "https://registry.npmjs.org/@mui/x-date-pickers/-/x-date-pickers-6.18.0.tgz",
      "integrity": "sha512-a4KaOtKDm3Y6pQ6p5bO0eZ6s+Fxe7kXk0aM5F2w7QKx5o5n8qKk1eKVG5xZ4yG7xD2J7c6sZxG9jYc6vJg1G+Q==",
      "dependencies": {
        "@babel/runtime": "^7.23.2",
        "@emotion/react": "^11.11.1",
        "@emotion/styled": "^11.11.0",
        "@mui/base": "5.0.0-beta.24",
        "@mui/system": "^5.14.20",
        "@mui/utils": "^5.14.21",
        "@mui/x-date-pickers-pro": "6.18.0",
        "clsx": "^2.0.0",
        "prop-types": "^15.8.1",
        "react": "^18.2.0",
        "react-dom": "^18.2.0"
      }
    }
  }
}